Microsoft Visual Studio Solution File, Format Version 12.00
# Visual Studio Version 17
VisualStudioVersion = 17.5.2.0
MinimumVisualStudioVersion = 10.0.40219.1
Project("{FAE04EC0-301F-11D3-BF4B-00C04F79EFBC}") = "app_authen", "app_authen.csproj", "{B8B86A35-4C5F-4E18-B465-2677C0E65BFC}"
EndProject
Global
	GlobalSection(SolutionConfigurationPlatforms) = preSolution
		Debug|Any CPU = Debug|Any CPU
		Release|Any CPU = Release|Any CPU
	EndGlobalSection
	GlobalSection(ProjectConfigurationPlatforms) = postSolution
		{B8B86A35-4C5F-4E18-B465-2677C0E65BFC}.Debug|Any CPU.ActiveCfg = Debug|Any CPU
		{B8B86A35-4C5F-4E18-B465-2677C0E65BFC}.Debug|Any CPU.Build.0 = Debug|Any CPU
		{B8B86A35-4C5F-4E18-B465-2677C0E65BFC}.Release|Any CPU.ActiveCfg = Release|Any CPU
		{B8B86A35-4C5F-4E18-B465-2677C0E65BFC}.Release|Any CPU.Build.0 = Release|Any CPU
	EndGlobalSection
	GlobalSection(SolutionProperties) = preSolution
		HideSolutionNode = FALSE
	EndGlobalSection
	GlobalSection(ExtensibilityGlobals) = postSolution
		SolutionGuid = {3F190B89-8E35-4499-AF67-277545F6707A}
	EndGlobalSection
EndGlobal
